// !$*UTF8*$!
{
	archiveVersion = 1;
	classes = {
	};
	objectVersion = 48;
	objects = {

/* Begin PBXBuildFile section */
		9F176E791F279FF900336124 /* lang-en-DE.json in Resources */ = {isa = PBXBuildFile; fileRef = 9F8ACA6C1F279EC70052380A /* lang-en-DE.json */; };
		9F36174D1E33CDA1006E81BC /* Images.xcassets in Resources */ = {isa = PBXBuildFile; fileRef = 9F36174C1E33CDA1006E81BC /* Images.xcassets */; };
		9F761AE81E3063AB00904B4B /* lang-en.json in Resources */ = {isa = PBXBuildFile; fileRef = 9F761AE51E3063AB00904B4B /* lang-en.json */; };
		9F761AE91E3063AB00904B4B /* lang-es.json in Resources */ = {isa = PBXBuildFile; fileRef = 9F761AE61E3063AB00904B4B /* lang-es.json */; };
		9F761AEA1E3063AB00904B4B /* lang-fr.json in Resources */ = {isa = PBXBuildFile; fileRef = 9F761AE71E3063AB00904B4B /* lang-fr.json */; };
		9F8D41511E29359A00D7CE9A /* AppDelegate.swift in Sources */ = {isa = PBXBuildFile; fileRef = 9F8D41501E29359A00D7CE9A /* AppDelegate.swift */; };
		9F8D41531E29359A00D7CE9A /* ViewController.swift in Sources */ = {isa = PBXBuildFile; fileRef = 9F8D41521E29359A00D7CE9A /* ViewController.swift */; };
		9FB68F231E2B5D1400D386CE /* LaunchScreen.storyboard in Resources */ = {isa = PBXBuildFile; fileRef = 9FB68F1F1E2B5D1400D386CE /* LaunchScreen.storyboard */; };
		9FB68F241E2B5D1400D386CE /* Main.storyboard in Resources */ = {isa = PBXBuildFile; fileRef = 9FB68F211E2B5D1400D386CE /* Main.storyboard */; };
/* End PBXBuildFile section */

/* Begin PBXContainerItemProxy section */
		9FF5FC531F7C5618001C14D6 /* PBXContainerItemProxy */ = {
			isa = PBXContainerItemProxy;
			containerPortal = 9FF5FC4E1F7C5618001C14D6 /* Localize.xcodeproj */;
			proxyType = 2;
			remoteGlobalIDString = 69F1B5741D955990000A2B87;
			remoteInfo = Localize;
		};
		9FF5FC551F7C5618001C14D6 /* PBXContainerItemProxy */ = {
			isa = PBXContainerItemProxy;
			containerPortal = 9FF5FC4E1F7C5618001C14D6 /* Localize.xcodeproj */;
			proxyType = 2;
			remoteGlobalIDString = 9F9345531E291D4E00C400F7;
			remoteInfo = LocalizeTests;
		};
/* End PBXContainerItemProxy section */

/* Begin PBXCopyFilesBuildPhase section */
		9F8D41701E2935EB00D7CE9A /* Embed Frameworks */ = {
			isa = PBXCopyFilesBuildPhase;
			buildActionMask = 2147483647;
			dstPath = "";
			dstSubfolderSpec = 10;
			files = (
			);
			name = "Embed Frameworks";
			runOnlyForDeploymentPostprocessing = 0;
		};
/* End PBXCopyFilesBuildPhase section */

/* Begin PBXFileReference section */
		9F36174C1E33CDA1006E81BC /* Images.xcassets */ = {isa = PBXFileReference; lastKnownFileType = folder.assetcatalog; path = Images.xcassets; sourceTree = "<group>"; };
		9F761AE51E3063AB00904B4B /* lang-en.json */ = {isa = PBXFileReference; fileEncoding = 4; lastKnownFileType = text.json; path = "lang-en.json"; sourceTree = "<group>"; };
		9F761AE61E3063AB00904B4B /* lang-es.json */ = {isa = PBXFileReference; fileEncoding = 4; lastKnownFileType = text.json; path = "lang-es.json"; sourceTree = "<group>"; };
		9F761AE71E3063AB00904B4B /* lang-fr.json */ = {isa = PBXFileReference; fileEncoding = 4; lastKnownFileType = text.json; path = "lang-fr.json"; sourceTree = "<group>"; };
		9F8ACA6C1F279EC70052380A /* lang-en-DE.json */ = {isa = PBXFileReference; lastKnownFileType = text.json; path = "lang-en-DE.json"; sourceTree = "<group>"; };
		9F8D414D1E29359A00D7CE9A /* Example.app */ = {isa = PBXFileReference; explicitFileType = wrapper.application; includeInIndex = 0; path = Example.app; sourceTree = BUILT_PRODUCTS_DIR; };
		9F8D41501E29359A00D7CE9A /* AppDelegate.swift */ = {isa = PBXFileReference; lastKnownFileType = sourcecode.swift; path = AppDelegate.swift; sourceTree = "<group>"; };
		9F8D41521E29359A00D7CE9A /* ViewController.swift */ = {isa = PBXFileReference; lastKnownFileType = sourcecode.swift; path = ViewController.swift; sourceTree = "<group>"; };
		9F8D415C1E29359A00D7CE9A /* Info.plist */ = {isa = PBXFileReference; lastKnownFileType = text.plist.xml; path = Info.plist; sourceTree = "<group>"; };
		9FB68F201E2B5D1400D386CE /* Base */ = {isa = PBXFileReference; lastKnownFileType = file.storyboard; name = Base; path = Base.lproj/LaunchScreen.storyboard; sourceTree = "<group>"; };
		9FB68F221E2B5D1400D386CE /* Base */ = {isa = PBXFileReference; lastKnownFileType = file.storyboard; name = Base; path = Base.lproj/Main.storyboard; sourceTree = "<group>"; };
		9FF5FC4E1F7C5618001C14D6 /* Localize.xcodeproj */ = {isa = PBXFileReference; lastKnownFileType = "wrapper.pb-project"; name = Localize.xcodeproj; path = ../Localize.xcodeproj; sourceTree = "<group>"; };
/* End PBXFileReference section */

/* Begin PBXFrameworksBuildPhase section */
		9F8D414A1E29359A00D7CE9A /* Frameworks */ = {
			isa = PBXFrameworksBuildPhase;
			buildActionMask = 2147483647;
			files = (
			);
			runOnlyForDeploymentPostprocessing = 0;
		};
/* End PBXFrameworksBuildPhase section */

/* Begin PBXGroup section */
		9F761AE21E3060B100904B4B /* Supporting Files */ = {
			isa = PBXGroup;
			children = (
				9F8ACA6C1F279EC70052380A /* lang-en-DE.json */,
				9F761AE51E3063AB00904B4B /* lang-en.json */,
				9F761AE61E3063AB00904B4B /* lang-es.json */,
				9F761AE71E3063AB00904B4B /* lang-fr.json */,
				9F8D415C1E29359A00D7CE9A /* Info.plist */,
			);
			name = "Supporting Files";
			sourceTree = "<group>";
		};
		9F8D41441E29359A00D7CE9A = {
			isa = PBXGroup;
			children = (
				9F8D414F1E29359A00D7CE9A /* Example */,
				9F8D414E1E29359A00D7CE9A /* Products */,
				9FF5FC4E1F7C5618001C14D6 /* Localize.xcodeproj */,
			);
			sourceTree = "<group>";
		};
		9F8D414E1E29359A00D7CE9A /* Products */ = {
			isa = PBXGroup;
			children = (
				9F8D414D1E29359A00D7CE9A /* Example.app */,
			);
			name = Products;
			sourceTree = "<group>";
		};
		9F8D414F1E29359A00D7CE9A /* Example */ = {
			isa = PBXGroup;
			children = (
				9F8D41501E29359A00D7CE9A /* AppDelegate.swift */,
				9F8D41521E29359A00D7CE9A /* ViewController.swift */,
				9FB68F1F1E2B5D1400D386CE /* LaunchScreen.storyboard */,
				9FB68F211E2B5D1400D386CE /* Main.storyboard */,
				9F36174C1E33CDA1006E81BC /* Images.xcassets */,
				9F761AE21E3060B100904B4B /* Supporting Files */,
			);
			path = Example;
			sourceTree = "<group>";
		};
		9FF5FC4F1F7C5618001C14D6 /* Products */ = {
			isa = PBXGroup;
			children = (
				9FF5FC541F7C5618001C14D6 /* Localize.framework */,
				9FF5FC561F7C5618001C14D6 /* LocalizeTests.xctest */,
			);
			name = Products;
			sourceTree = "<group>";
		};
/* End PBXGroup section */

/* Begin PBXNativeTarget section */
		9F8D414C1E29359A00D7CE9A /* Example */ = {
			isa = PBXNativeTarget;
			buildConfigurationList = 9F8D415F1E29359A00D7CE9A /* Build configuration list for PBXNativeTarget "Example" */;
			buildPhases = (
				9F8D41491E29359A00D7CE9A /* Sources */,
				9F8D414A1E29359A00D7CE9A /* Frameworks */,
				9F8D414B1E29359A00D7CE9A /* Resources */,
				9F8D41701E2935EB00D7CE9A /* Embed Frameworks */,
			);
			buildRules = (
			);
			dependencies = (
			);
			name = Example;
			productName = Example;
			productReference = 9F8D414D1E29359A00D7CE9A /* Example.app */;
			productType = "com.apple.product-type.application";
		};
/* End PBXNativeTarget section */

/* Begin PBXProject section */
		9F8D41451E29359A00D7CE9A /* Project object */ = {
			isa = PBXProject;
			attributes = {
				LastSwiftUpdateCheck = 0820;
				LastUpgradeCheck = 0900;
				ORGANIZATIONNAME = "Kekiiwaa ";
				TargetAttributes = {
					9F8D414C1E29359A00D7CE9A = {
						CreatedOnToolsVersion = 8.2.1;
						ProvisioningStyle = Automatic;
					};
				};
			};
			buildConfigurationList = 9F8D41481E29359A00D7CE9A /* Build configuration list for PBXProject "Example" */;
			compatibilityVersion = "Xcode 8.0";
			developmentRegion = English;
			hasScannedForEncodings = 0;
			knownRegions = (
				en,
				Base,
				fr,
			);
			mainGroup = 9F8D41441E29359A00D7CE9A;
			productRefGroup = 9F8D414E1E29359A00D7CE9A /* Products */;
			projectDirPath = "";
			projectReferences = (
				{
					ProductGroup = 9FF5FC4F1F7C5618001C14D6 /* Products */;
					ProjectRef = 9FF5FC4E1F7C5618001C14D6 /* Localize.xcodeproj */;
				},
			);
			projectRoot = "";
			targets = (
				9F8D414C1E29359A00D7CE9A /* Example */,
			);
		};
/* End PBXProject section */

/* Begin PBXReferenceProxy section */
		9FF5FC541F7C5618001C14D6 /* Localize.framework */ = {
			isa = PBXReferenceProxy;
			fileType = wrapper.framework;
			path = Localize.framework;
			remoteRef = 9FF5FC531F7C5618001C14D6 /* PBXContainerItemProxy */;
			sourceTree = BUILT_PRODUCTS_DIR;
		};
		9FF5FC561F7C5618001C14D6 /* LocalizeTests.xctest */ = {
			isa = PBXReferenceProxy;
			fileType = wrapper.cfbundle;
			path = LocalizeTests.xctest;
			remoteRef = 9FF5FC551F7C5618001C14D6 /* PBXContainerItemProxy */;
			sourceTree = BUILT_PRODUCTS_DIR;
		};
/* End PBXReferenceProxy section */

/* Begin PBXResourcesBuildPhase section */
		9F8D414B1E29359A00D7CE9A /* Resources */ = {
			isa = PBXResourcesBuildPhase;
			buildActionMask = 2147483647;
			files = (
				9F176E791F279FF900336124 /* lang-en-DE.json in Resources */,
				9FB68F231E2B5D1400D386CE /* LaunchScreen.storyboard in Resources */,
				9F761AEA1E3063AB00904B4B /* lang-fr.json in Resources */,
				9FB68F241E2B5D1400D386CE /* Main.storyboard in Resources */,
				9F36174D1E33CDA1006E81BC /* Images.xcassets in Resources */,
				9F761AE81E3063AB00904B4B /* lang-en.json in Resources */,
				9F761AE91E3063AB00904B4B /* lang-es.json in Resources */,
			);
			runOnlyForDeploymentPostprocessing = 0;
		};
/* End PBXResourcesBuildPhase section */

/* Begin PBXSourcesBuildPhase section */
		9F8D41491E29359A00D7CE9A /* Sources */ = {
			isa = PBXSourcesBuildPhase;
			buildActionMask = 2147483647;
			files = (
				9F8D41531E29359A00D7CE9A /* ViewController.swift in Sources */,
				9F8D41511E29359A00D7CE9A /* AppDelegate.swift in Sources */,
			);
			runOnlyForDeploymentPostprocessing = 0;
		};
/* End PBXSourcesBuildPhase section */

/* Begin PBXVariantGroup section */
		9FB68F1F1E2B5D1400D386CE /* LaunchScreen.storyboard */ = {
			isa = PBXVariantGroup;
			children = (
				9FB68F201E2B5D1400D386CE /* Base */,
			);
			name = LaunchScreen.storyboard;
			sourceTree = "<group>";
		};
		9FB68F211E2B5D1400D386CE /* Main.storyboard */ = {
			isa = PBXVariantGroup;
			children = (
				9FB68F221E2B5D1400D386CE /* Base */,
			);
			name = Main.storyboard;
			sourceTree = "<group>";
		};
/* End PBXVariantGroup section */

/* Begin XCBuildConfiguration section */
		9F8D415D1E29359A00D7CE9A /* Debug */ = {
			isa = XCBuildConfiguration;
			buildSettings = {
				ALWAYS_SEARCH_USER_PATHS = NO;
				CLANG_ANALYZER_LOCALIZABILITY_NONLOCALIZED = YES;
				CLANG_ANALYZER_NONNULL = YES;
				CLANG_CXX_LANGUAGE_STANDARD = "gnu++0x";
				CLANG_CXX_LIBRARY = "libc++";
				CLANG_ENABLE_MODULES = YES;
				CLANG_ENABLE_OBJC_ARC = YES;
				CLANG_WARN_BLOCK_CAPTURE_AUTORELEASING = YES;
				CLANG_WARN_BOOL_CONVERSION = YES;
				CLANG_WARN_COMMA = YES;
				CLANG_WARN_CONSTANT_CONVERSION = YES;
				CLANG_WARN_DIRECT_OBJC_ISA_USAGE = YES_ERROR;
				CLANG_WARN_DOCUMENTATION_COMMENTS = YES;
				CLANG_WARN_EMPTY_BODY = YES;
				CLANG_WARN_ENUM_CONVERSION = YES;
				CLANG_WARN_INFINITE_RECURSION = YES;
				CLANG_WARN_INT_CONVERSION = YES;
				CLANG_WARN_NON_LITERAL_NULL_CONVERSION = YES;
				CLANG_WARN_OBJC_LITERAL_CONVERSION = YES;
				CLANG_WARN_OBJC_ROOT_CLASS = YES_ERROR;
				CLANG_WARN_RANGE_LOOP_ANALYSIS = YES;
				CLANG_WARN_STRICT_PROTOTYPES = YES;
				CLANG_WARN_SUSPICIOUS_MOVE = YES;
				CLANG_WARN_UNREACHABLE_CODE = YES;
				CLANG_WARN__DUPLICATE_METHOD_MATCH = YES;
				"CODE_SIGN_IDENTITY[sdk=iphoneos*]" = "iPhone Developer";
				COPY_PHASE_STRIP = NO;
				DEBUG_INFORMATION_FORMAT = dwarf;
				ENABLE_STRICT_OBJC_MSGSEND = YES;
				ENABLE_TESTABILITY = YES;
				GCC_C_LANGUAGE_STANDARD = gnu99;
				GCC_DYNAMIC_NO_PIC = NO;
				GCC_NO_COMMON_BLOCKS = YES;
				GCC_OPTIMIZATION_LEVEL = 0;
				GCC_PREPROCESSOR_DEFINITIONS = (
					"DEBUG=1",
					"$(inherited)",
				);
				GCC_WARN_64_TO_32_BIT_CONVERSION = YES;
				GCC_WARN_ABOUT_RETURN_TYPE = YES_ERROR;
				GCC_WARN_UNDECLARED_SELECTOR = YES;
				GCC_WARN_UNINITIALIZED_AUTOS = YES_AGGRESSIVE;
				GCC_WARN_UNUSED_FUNCTION = YES;
				GCC_WARN_UNUSED_VARIABLE = YES;
				IPHONEOS_DEPLOYMENT_TARGET = 8.0;
				MTL_ENABLE_DEBUG_INFO = YES;
				ONLY_ACTIVE_ARCH = YES;
				SDKROOT = iphoneos;
				SWIFT_ACTIVE_COMPILATION_CONDITIONS = DEBUG;
				SWIFT_OPTIMIZATION_LEVEL = "-Onone";
				TARGETED_DEVICE_FAMILY = "1,2";
			};
			name = Debug;
		};
		9F8D415E1E29359A00D7CE9A /* Release */ = {
			isa = XCBuildConfiguration;
			buildSettings = {
				ALWAYS_SEARCH_USER_PATHS = NO;
				CLANG_ANALYZER_LOCALIZABILITY_NONLOCALIZED = YES;
				CLANG_ANALYZER_NONNULL = YES;
				CLANG_CXX_LANGUAGE_STANDARD = "gnu++0x";
				CLANG_CXX_LIBRARY = "libc++";
				CLANG_ENABLE_MODULES = YES;
				CLANG_ENABLE_OBJC_ARC = YES;
				CLANG_WARN_BLOCK_CAPTURE_AUTORELEASING = YES;
				CLANG_WARN_BOOL_CONVERSION = YES;
				CLANG_WARN_COMMA = YES;
				CLANG_WARN_CONSTANT_CONVERSION = YES;
				CLANG_WARN_DIRECT_OBJC_ISA_USAGE = YES_ERROR;
				CLANG_WARN_DOCUMENTATION_COMMENTS = YES;
				CLANG_WARN_EMPTY_BODY = YES;
				CLANG_WARN_ENUM_CONVERSION = YES;
				CLANG_WARN_INFINITE_RECURSION = YES;
				CLANG_WARN_INT_CONVERSION = YES;
				CLANG_WARN_NON_LITERAL_NULL_CONVERSION = YES;
				CLANG_WARN_OBJC_LITERAL_CONVERSION = YES;
				CLANG_WARN_OBJC_ROOT_CLASS = YES_ERROR;
				CLANG_WARN_RANGE_LOOP_ANALYSIS = YES;
				CLANG_WARN_STRICT_PROTOTYPES = YES;
				CLANG_WARN_SUSPICIOUS_MOVE = YES;
				CLANG_WARN_UNREACHABLE_CODE = YES;
				CLANG_WARN__DUPLICATE_METHOD_MATCH = YES;
				"CODE_SIGN_IDENTITY[sdk=iphoneos*]" = "iPhone Developer";
				COPY_PHASE_STRIP = NO;
				DEBUG_INFORMATION_FORMAT = "dwarf-with-dsym";
				ENABLE_NS_ASSERTIONS = NO;
				ENABLE_STRICT_OBJC_MSGSEND = YES;
				GCC_C_LANGUAGE_STANDARD = gnu99;
				GCC_NO_COMMON_BLOCKS = YES;
				GCC_WARN_64_TO_32_BIT_CONVERSION = YES;
				GCC_WARN_ABOUT_RETURN_TYPE = YES_ERROR;
				GCC_WARN_UNDECLARED_SELECTOR = YES;
				GCC_WARN_UNINITIALIZED_AUTOS = YES_AGGRESSIVE;
				GCC_WARN_UNUSED_FUNCTION = YES;
				GCC_WARN_UNUSED_VARIABLE = YES;
				IPHONEOS_DEPLOYMENT_TARGET = 8.0;
				MTL_ENABLE_DEBUG_INFO = NO;
				SDKROOT = iphoneos;
				SWIFT_OPTIMIZATION_LEVEL = "-Owholemodule";
				TARGETED_DEVICE_FAMILY = "1,2";
				VALIDATE_PRODUCT = YES;
			};
			name = Release;
		};
		9F8D41601E29359A00D7CE9A /* Debug */ = {
			isa = XCBuildConfiguration;
			buildSettings = {
				ALWAYS_EMBED_SWIFT_STANDARD_LIBRARIES = YES;
				ASSETCATALOG_COMPILER_LAUNCHIMAGE_NAME = LaunchImage;
				"CODE_SIGN_IDENTITY[sdk=iphoneos*]" = "iPhone Developer";
				CODE_SIGN_STYLE = Automatic;
				DEVELOPMENT_TEAM = 69RRCEKXZC;
				INFOPLIST_FILE = Example/Info.plist;
				IPHONEOS_DEPLOYMENT_TARGET = 8.0;
				LD_RUNPATH_SEARCH_PATHS = "$(inherited) @executable_path/Frameworks";
				PRODUCT_BUNDLE_IDENTIFIER = com.kekiiwaa.localize;
				PRODUCT_NAME = "$(TARGET_NAME)";
				PROVISIONING_PROFILE = "";
				PROVISIONING_PROFILE_SPECIFIER = "";
				SWIFT_VERSION = 4.0;
			};
			name = Debug;
		};
		9F8D41611E29359A00D7CE9A /* Release */ = {
			isa = XCBuildConfiguration;
			buildSettings = {
				ALWAYS_EMBED_SWIFT_STANDARD_LIBRARIES = YES;
				ASSETCATALOG_COMPILER_LAUNCHIMAGE_NAME = LaunchImage;
				"CODE_SIGN_IDENTITY[sdk=iphoneos*]" = "iPhone Developer";
				CODE_SIGN_STYLE = Automatic;
				DEVELOPMENT_TEAM = 69RRCEKXZC;
				INFOPLIST_FILE = Example/Info.plist;
				IPHONEOS_DEPLOYMENT_TARGET = 8.0;
				LD_RUNPATH_SEARCH_PATHS = "$(inherited) @executable_path/Frameworks";
				PRODUCT_BUNDLE_IDENTIFIER = com.kekiiwaa.localize;
				PRODUCT_NAME = "$(TARGET_NAME)";
				PROVISIONING_PROFILE_SPECIFIER = "";
				SWIFT_VERSION = 4.0;
			};
			name = Release;
		};
/* End XCBuildConfiguration section */

/* Begin XCConfigurationList section */
		9F8D41481E29359A00D7CE9A /* Build configuration list for PBXProject "Example" */ = {
			isa = XCConfigurationList;
			buildConfigurations = (
				9F8D415D1E29359A00D7CE9A /* Debug */,
				9F8D415E1E29359A00D7CE9A /* Release */,
			);
			defaultConfigurationIsVisible = 0;
			defaultConfigurationName = Release;
		};
		9F8D415F1E29359A00D7CE9A /* Build configuration list for PBXNativeTarget "Example" */ = {
			isa = XCConfigurationList;
			buildConfigurations = (
				9F8D41601E29359A00D7CE9A /* Debug */,
				9F8D41611E29359A00D7CE9A /* Release */,
			);
			defaultConfigurationIsVisible = 0;
			defaultConfigurationName = Release;
		};
/* End XCConfigurationList section */
	};
	rootObject = 9F8D41451E29359A00D7CE9A /* Project object */;
}
